
Microsoft Visual Studio Solution File, Format Version 12.00
# Visual Studio Version 17
VisualStudioVersion = 17.9.34607.119
MinimumVisualStudioVersion = 10.0.40219.1
Project("{FAE04EC0-301F-11D3-BF4B-00C04F79EFBC}") = "WebApplication1", "WebApplication1\WebApplication1.csproj", "{5D3639F2-4C25-478F-8D4C-8DFDDF33D8EB}"
EndProject
Global
	GlobalSection(SolutionConfigurationPlatforms) = preSolution
		Debug|Any CPU = Debug|Any CPU
		Release|Any CPU = Release|Any CPU
	EndGlobalSection
	GlobalSection(ProjectConfigurationPlatforms) = postSolution
		{5D3639F2-4C25-478F-8D4C-8DFDDF33D8EB}.Debug|Any CPU.ActiveCfg = Debug|Any CPU
		{5D3639F2-4C25-478F-8D4C-8DFDDF33D8EB}.Debug|Any CPU.Build.0 = Debug|Any CPU
		{5D3639F2-4C25-478F-8D4C-8DFDDF33D8EB}.Release|Any CPU.ActiveCfg = Release|Any CPU
		{5D3639F2-4C25-478F-8D4C-8DFDDF33D8EB}.Release|Any CPU.Build.0 = Release|Any CPU
	EndGlobalSection
	GlobalSection(SolutionProperties) = preSolution
		HideSolutionNode = FALSE
	EndGlobalSection
	GlobalSection(ExtensibilityGlobals) = postSolution
		SolutionGuid = {84772EE5-8FD7-45CB-A15F-77E92EE53DA2}
	EndGlobalSection
EndGlobal
